Microsoft Visual Studio Solution File, Format Version 12.00
# Visual Studio 15
VisualStudioVersion = 15.0.28010.2026
MinimumVisualStudioVersion = 10.0.40219.1
Project("{FAE04EC0-301F-11D3-BF4B-00C04F79EFBC}") = "YeahTools", "YeahTools\YeahTools.csproj", "{C728242E-8DE3-4090-A2AA-4A633FE928A8}"
EndProject
Project("{FAE04EC0-301F-11D3-BF4B-00C04F79EFBC}") = "YeahException", "YeahException\YeahException.csproj", "{8E8E2004-8733-46E1-AA2A-5223FF2103D9}"
EndProject
Project("{FAE04EC0-301F-11D3-BF4B-00C04F79EFBC}") = "YeahAI", "YeahAI\YeahAI.csproj", "{06B48EEE-96FA-42AC-B369-B2C8AE90EC6B}"
EndProject
Project("{FAE04EC0-301F-11D3-BF4B-00C04F79EFBC}") = "Test", "Test\Test.csproj", "{CD01F3A9-0F92-4A37-8FB9-9C314C512F35}"
EndProject
Project("{FAE04EC0-301F-11D3-BF4B-00C04F79EFBC}") = "YeahAlgorithms.Core", "YeahAlgorithms.Core\YeahAlgorithms.Core.csproj", "{243893CE-9418-43E8-93A9-2C8C969C49BD}"
EndProject
Project("{FAE04EC0-301F-11D3-BF4B-00C04F79EFBC}") = "YUtils.Core", "YUtils.Core\YUtils.Core.csproj", "{A71537EF-D18B-4856-8D56-178F3ADD0CEA}"
EndProject
Project("{FAE04EC0-301F-11D3-BF4B-00C04F79EFBC}") = "Ref", "Ref\Ref.csproj", "{ECA26B05-99B3-405B-A661-AE4C4B221F7E}"
EndProject
Project("{FAE04EC0-301F-11D3-BF4B-00C04F79EFBC}") = "CodeGenerate", "CodeGenerate\CodeGenerate.csproj", "{F1C54FB3-76E9-4850-B912-AAD6C00E2320}"
EndProject
Project("{E24C65DC-7377-472B-9ABA-BC803B73C61A}") = "vueadmintemplate", "vueadmintemplate\", "{1D91E946-0DC8-4F96-812E-EC148CDCB3F0}"
	ProjectSection(WebsiteProperties) = preProject
		TargetFrameworkMoniker = ".NETFramework,Version%3Dv4.0"
		Debug.AspNetCompiler.VirtualPath = "/localhost_52689"
		Debug.AspNetCompiler.PhysicalPath = "vueadmintemplate\"
		Debug.AspNetCompiler.TargetPath = "PrecompiledWeb\localhost_52689\"
		Debug.AspNetCompiler.Updateable = "true"
		Debug.AspNetCompiler.ForceOverwrite = "true"
		Debug.AspNetCompiler.FixedNames = "false"
		Debug.AspNetCompiler.Debug = "True"
		Release.AspNetCompiler.VirtualPath = "/localhost_52689"
		Release.AspNetCompiler.PhysicalPath = "vueadmintemplate\"
		Release.AspNetCompiler.TargetPath = "PrecompiledWeb\localhost_52689\"
		Release.AspNetCompiler.Updateable = "true"
		Release.AspNetCompiler.ForceOverwrite = "true"
		Release.AspNetCompiler.FixedNames = "false"
		Release.AspNetCompiler.Debug = "False"
		VWDPort = "52689"
	EndProjectSection
EndProject
Global
	GlobalSection(SolutionConfigurationPlatforms) = preSolution
		Debug|Any CPU = Debug|Any CPU
		Release|Any CPU = Release|Any CPU
	EndGlobalSection
	GlobalSection(ProjectConfigurationPlatforms) = postSolution
		{C728242E-8DE3-4090-A2AA-4A633FE928A8}.Debug|Any CPU.ActiveCfg = Debug|Any CPU
		{C728242E-8DE3-4090-A2AA-4A633FE928A8}.Debug|Any CPU.Build.0 = Debug|Any CPU
		{C728242E-8DE3-4090-A2AA-4A633FE928A8}.Release|Any CPU.ActiveCfg = Release|Any CPU
		{C728242E-8DE3-4090-A2AA-4A633FE928A8}.Release|Any CPU.Build.0 = Release|Any CPU
		{8E8E2004-8733-46E1-AA2A-5223FF2103D9}.Debug|Any CPU.ActiveCfg = Debug|Any CPU
		{8E8E2004-8733-46E1-AA2A-5223FF2103D9}.Debug|Any CPU.Build.0 = Debug|Any CPU
		{8E8E2004-8733-46E1-AA2A-5223FF2103D9}.Release|Any CPU.ActiveCfg = Release|Any CPU
		{8E8E2004-8733-46E1-AA2A-5223FF2103D9}.Release|Any CPU.Build.0 = Release|Any CPU
		{06B48EEE-96FA-42AC-B369-B2C8AE90EC6B}.Debug|Any CPU.ActiveCfg = Debug|Any CPU
		{06B48EEE-96FA-42AC-B369-B2C8AE90EC6B}.Debug|Any CPU.Build.0 = Debug|Any CPU
		{06B48EEE-96FA-42AC-B369-B2C8AE90EC6B}.Release|Any CPU.ActiveCfg = Release|Any CPU
		{06B48EEE-96FA-42AC-B369-B2C8AE90EC6B}.Release|Any CPU.Build.0 = Release|Any CPU
		{CD01F3A9-0F92-4A37-8FB9-9C314C512F35}.Debug|Any CPU.ActiveCfg = Debug|Any CPU
		{CD01F3A9-0F92-4A37-8FB9-9C314C512F35}.Debug|Any CPU.Build.0 = Debug|Any CPU
		{CD01F3A9-0F92-4A37-8FB9-9C314C512F35}.Release|Any CPU.ActiveCfg = Release|Any CPU
		{CD01F3A9-0F92-4A37-8FB9-9C314C512F35}.Release|Any CPU.Build.0 = Release|Any CPU
		{243893CE-9418-43E8-93A9-2C8C969C49BD}.Debug|Any CPU.ActiveCfg = Debug|Any CPU
		{243893CE-9418-43E8-93A9-2C8C969C49BD}.Debug|Any CPU.Build.0 = Debug|Any CPU
		{243893CE-9418-43E8-93A9-2C8C969C49BD}.Release|Any CPU.ActiveCfg = Release|Any CPU
		{243893CE-9418-43E8-93A9-2C8C969C49BD}.Release|Any CPU.Build.0 = Release|Any CPU
		{A71537EF-D18B-4856-8D56-178F3ADD0CEA}.Debug|Any CPU.ActiveCfg = Debug|Any CPU
		{A71537EF-D18B-4856-8D56-178F3ADD0CEA}.Debug|Any CPU.Build.0 = Debug|Any CPU
		{A71537EF-D18B-4856-8D56-178F3ADD0CEA}.Release|Any CPU.ActiveCfg = Release|Any CPU
		{A71537EF-D18B-4856-8D56-178F3ADD0CEA}.Release|Any CPU.Build.0 = Release|Any CPU
		{ECA26B05-99B3-405B-A661-AE4C4B221F7E}.Debug|Any CPU.ActiveCfg = Debug|Any CPU
		{ECA26B05-99B3-405B-A661-AE4C4B221F7E}.Debug|Any CPU.Build.0 = Debug|Any CPU
		{ECA26B05-99B3-405B-A661-AE4C4B221F7E}.Release|Any CPU.ActiveCfg = Release|Any CPU
		{ECA26B05-99B3-405B-A661-AE4C4B221F7E}.Release|Any CPU.Build.0 = Release|Any CPU
		{F1C54FB3-76E9-4850-B912-AAD6C00E2320}.Debug|Any CPU.ActiveCfg = Debug|Any CPU
		{F1C54FB3-76E9-4850-B912-AAD6C00E2320}.Debug|Any CPU.Build.0 = Debug|Any CPU
		{F1C54FB3-76E9-4850-B912-AAD6C00E2320}.Release|Any CPU.ActiveCfg = Release|Any CPU
		{F1C54FB3-76E9-4850-B912-AAD6C00E2320}.Release|Any CPU.Build.0 = Release|Any CPU
		{1D91E946-0DC8-4F96-812E-EC148CDCB3F0}.Debug|Any CPU.ActiveCfg = Debug|Any CPU
		{1D91E946-0DC8-4F96-812E-EC148CDCB3F0}.Debug|Any CPU.Build.0 = Debug|Any CPU
		{1D91E946-0DC8-4F96-812E-EC148CDCB3F0}.Release|Any CPU.ActiveCfg = Debug|Any CPU
		{1D91E946-0DC8-4F96-812E-EC148CDCB3F0}.Release|Any CPU.Build.0 = Debug|Any CPU
	EndGlobalSection
	GlobalSection(SolutionProperties) = preSolution
		HideSolutionNode = FALSE
	EndGlobalSection
	GlobalSection(ExtensibilityGlobals) = postSolution
		SolutionGuid = {1A6D19D8-1114-4B01-915E-5038C1B7DB01}
	EndGlobalSection
EndGlobal
